# Fingerprint of the rendered brief that the committed README screenshots show.
#
# Written by docs/render_screenshots.py, and checked by
# tests/test_email_brief.py::TestScreenshotsAreCurrent. If that test fails, the
# rendered UI changed but the screenshots were not regenerated: run
#
#     python3 docs/render_screenshots.py
#
# and commit the updated PNGs together with this file.
#
# This hashes the rendered HTML, not the pixels, because font rasterisation
# differs between macOS and the Linux CI runner - a pixel comparison would fail
# on every run regardless of whether anything actually changed.
sha256 = e5480e92cf8d5470b34c28450e426aaea1158012f87d0ce3caf750257064efd4
