# Fingerprint of the rendered brief that the committed README screenshots show.
#
# Written by docs/render_screenshots.py, and checked by
# tests/test_email_brief.py::TestScreenshotsAreCurrent. If that test fails, the
# rendered UI changed but the screenshots were not regenerated: run
#
#     python3 docs/render_screenshots.py
#
# and commit the updated PNGs together with this file.
#
# This hashes the rendered HTML, not the pixels, because font rasterisation
# differs between macOS and the Linux CI runner - a pixel comparison would fail
# on every run regardless of whether anything actually changed.
sha256 = 1da90cb3262b56ad146395ebe2464200e8511d607dc4dcd45ce5c0435f0ac35c
